PODS:
  - CertifaceModules (2.0.2)
  - CertifaceSDK (3.0.2):
    - CertifaceModules (= 2.0.2)
    - CFFortfaceSDK (= 1.9.0)
    - iProov (= 12.5.0)
    - OILiveness3D_FT (= 9.7.130)
  - CFFortfaceSDK (1.9.0)
  - iProov (12.5.0)
  - OILiveness3D_FT (9.7.130)

DEPENDENCIES:
  - CertifaceModules (from `../`)
  - CertifaceSDK (from `../`)

SPEC REPOS:
  https://github.com/oititec/ios-artifactory.git:
    - CFFortfaceSDK
    - OILiveness3D_FT
  trunk:
    - iProov

EXTERNAL SOURCES:
  CertifaceModules:
    :path: "../"
  CertifaceSDK:
    :path: "../"

SPEC CHECKSUMS:
  CertifaceModules: f86733638445705575b49c7b60e857aa4917a676
  CertifaceSDK: 7c7fc8d37c84d240c5c34f6448f1621545a2edc8
  CFFortfaceSDK: eadd8a4a9c664c1d4e01a70dcea18dc0996263bf
  iProov: 17b75b5b2ceb6615cf6f7e835f30a773f28b1644
  OILiveness3D_FT: 9d2ed98ef288de2a8f08a32e52638c3f19d2f64a

PODFILE CHECKSUM: c3166dbefdd14d1988f75dd03b5322af387ee56e

COCOAPODS: 1.16.2
