PODS:
  - CertifaceSDK (1.1.0):
    - iProov (= 12.5.0)
    - OILiveness3D_FT (= 9.7.91)
  - iProov (12.5.0)
  - OILiveness3D_FT (9.7.91)

DEPENDENCIES:
  - CertifaceSDK (from `../`)

SPEC REPOS:
  https://github.com/oititec/ios-artifactory:
    - OILiveness3D_FT
  trunk:
    - iProov

EXTERNAL SOURCES:
  CertifaceSDK:
    :path: "../"

SPEC CHECKSUMS:
  CertifaceSDK: c3cb65487f4b36c7a71cac153a10fb38b75704d2
  iProov: 17b75b5b2ceb6615cf6f7e835f30a773f28b1644
  OILiveness3D_FT: fb827fff1c66a1b01d08ce52220bca7d911689a1

PODFILE CHECKSUM: 41b30c137e1dd3265111c8552a4cc0d8e25be2fe

COCOAPODS: 1.16.2
